{
  "name": "customize-cra",
  "version": "0.2.6",
  "lockfileVersion": 1,
  "requires": true,
  "dependencies": {
    "lodash.flow": {
      "version": "3.5.0",
      "resolved": "https://registry.npmjs.org/lodash.flow/-/lodash.flow-3.5.0.tgz",
      "integrity": "sha1-h79AKSuM+D5OjOGjrkIJ4gBxZ1o="
    }
  }
}
